
Microsoft Visual Studio Solution File, Format Version 12.00
# Visual Studio Version 17
VisualStudioVersion = 17.5.002.0
MinimumVisualStudioVersion = 10.0.40219.1
Project("{9A19103F-16F7-4668-BE54-9A1E7A4F7556}") = "BookStore", "BookStore\BookStore.csproj", "{CC37A720-3883-4E36-B8AB-F79559990385}"
EndProject
Global
	GlobalSection(SolutionConfigurationPlatforms) = preSolution
		Debug|Any CPU = Debug|Any CPU
		Release|Any CPU = Release|Any CPU
	EndGlobalSection
	GlobalSection(ProjectConfigurationPlatforms) = postSolution
		{CC37A720-3883-4E36-B8AB-F79559990385}.Debug|Any CPU.ActiveCfg = Debug|Any CPU
		{CC37A720-3883-4E36-B8AB-F79559990385}.Debug|Any CPU.Build.0 = Debug|Any CPU
		{CC37A720-3883-4E36-B8AB-F79559990385}.Release|Any CPU.ActiveCfg = Release|Any CPU
		{CC37A720-3883-4E36-B8AB-F79559990385}.Release|Any CPU.Build.0 = Release|Any CPU
	EndGlobalSection
	GlobalSection(SolutionProperties) = preSolution
		HideSolutionNode = FALSE
	EndGlobalSection
	GlobalSection(ExtensibilityGlobals) = postSolution
		SolutionGuid = {F52E26DE-76C5-4C4F-8A3A-2318D49FB64D}
	EndGlobalSection
EndGlobal
